// !$*UTF8*$!
{
	archiveVersion = 1;
	classes = {
	};
	objectVersion = 56;
	objects = {

/* Begin PBXBuildFile section */
		4136D9C0299FD454007C2926 /* RatingsView.swift in Sources */ = {isa = PBXBuildFile; fileRef = 4136D9BF299FD454007C2926 /* RatingsView.swift */; };
		4141AAE8299BFEE9000F0B44 /* TMDBEndpoint.swift in Sources */ = {isa = PBXBuildFile; fileRef = 4141AAE7299BFEE9000F0B44 /* TMDBEndpoint.swift */; };
		4141AAEA299C1AAB000F0B44 /* PartialMovie.swift in Sources */ = {isa = PBXBuildFile; fileRef = 4141AAE9299C1AAB000F0B44 /* PartialMovie.swift */; };
		4141AAEF299C1E91000F0B44 /* TMDBImageTypes.swift in Sources */ = {isa = PBXBuildFile; fileRef = 4141AAEE299C1E91000F0B44 /* TMDBImageTypes.swift */; };
		4141AAF1299C21CD000F0B44 /* Movie.swift in Sources */ = {isa = PBXBuildFile; fileRef = 4141AAF0299C21CD000F0B44 /* Movie.swift */; };
		4141AAF4299C23D8000F0B44 /* DiscoverViewModel.swift in Sources */ = {isa = PBXBuildFile; fileRef = 4141AAF3299C23D8000F0B44 /* DiscoverViewModel.swift */; };
		4141AAF7299C25A5000F0B44 /* MovieDetailsViewModel.swift in Sources */ = {isa = PBXBuildFile; fileRef = 4141AAF6299C25A5000F0B44 /* MovieDetailsViewModel.swift */; };
		4142BA862993FD7F00882C8A /* Movie.json in Resources */ = {isa = PBXBuildFile; fileRef = 4142BA852993FD7F00882C8A /* Movie.json */; };
		4142BA8B2994065A00882C8A /* MovieWithAppendedResponse.json in Resources */ = {isa = PBXBuildFile; fileRef = 4142BA8A2994065A00882C8A /* MovieWithAppendedResponse.json */; };
		414320A02998494000352968 /* CountryWatchOptions.swift in Sources */ = {isa = PBXBuildFile; fileRef = 4143209F2998494000352968 /* CountryWatchOptions.swift */; };
		414320A2299873F400352968 /* WatchProvidersView.swift in Sources */ = {isa = PBXBuildFile; fileRef = 414320A1299873F400352968 /* WatchProvidersView.swift */; };
		414320A429988A9000352968 /* CollapsibleSection.swift in Sources */ = {isa = PBXBuildFile; fileRef = 414320A329988A9000352968 /* CollapsibleSection.swift */; };
		419DEEAF2995BAD50008457C /* VideoTypes.swift in Sources */ = {isa = PBXBuildFile; fileRef = 419DEEAE2995BAD50008457C /* VideoTypes.swift */; };
		41A023E429953BBB005617DE /* MovieDetailsView.swift in Sources */ = {isa = PBXBuildFile; fileRef = 41A023E329953BBB005617DE /* MovieDetailsView.swift */; };
		41A023E6299546DB005617DE /* Date+Extensions.swift in Sources */ = {isa = PBXBuildFile; fileRef = 41A023E5299546DB005617DE /* Date+Extensions.swift */; };
		41A023E829955223005617DE /* ReleaseDateTypes.swift in Sources */ = {isa = PBXBuildFile; fileRef = 41A023E729955223005617DE /* ReleaseDateTypes.swift */; };
		41A023EA2995591E005617DE /* AppendedResults.swift in Sources */ = {isa = PBXBuildFile; fileRef = 41A023E92995591E005617DE /* AppendedResults.swift */; };
		41AAC652299686F500912B2C /* WebView.swift in Sources */ = {isa = PBXBuildFile; fileRef = 41AAC651299686F500912B2C /* WebView.swift */; };
		41AAC6542996882B00912B2C /* SafariBrowserView.swift in Sources */ = {isa = PBXBuildFile; fileRef = 41AAC6532996882B00912B2C /* SafariBrowserView.swift */; };
		41AAC6562996896000912B2C /* VideoSitesURL.swift in Sources */ = {isa = PBXBuildFile; fileRef = 41AAC6552996896000912B2C /* VideoSitesURL.swift */; };
		41AAC6582996B33700912B2C /* VideoView.swift in Sources */ = {isa = PBXBuildFile; fileRef = 41AAC6572996B33700912B2C /* VideoView.swift */; };
		41AAC65C2996D9C500912B2C /* WatchOptions.swift in Sources */ = {isa = PBXBuildFile; fileRef = 41AAC65B2996D9C500912B2C /* WatchOptions.swift */; };
		41AAC65E2996D9F600912B2C /* StreamingProvider.swift in Sources */ = {isa = PBXBuildFile; fileRef = 41AAC65D2996D9F600912B2C /* StreamingProvider.swift */; };
		41AAC6602996F63800912B2C /* WatchOptionTypes.swift in Sources */ = {isa = PBXBuildFile; fileRef = 41AAC65F2996F63800912B2C /* WatchOptionTypes.swift */; };
		41AAC6622996F94000912B2C /* Configuration.json in Resources */ = {isa = PBXBuildFile; fileRef = 41AAC6612996F94000912B2C /* Configuration.json */; };
		41E133312991F66A00E30B6E /* MovieTimeApp.swift in Sources */ = {isa = PBXBuildFile; fileRef = 41E133302991F66A00E30B6E /* MovieTimeApp.swift */; };
		41E133352991F66E00E30B6E /* Assets.xcassets in Resources */ = {isa = PBXBuildFile; fileRef = 41E133342991F66E00E30B6E /* Assets.xcassets */; };
		41E133392991F66E00E30B6E /* Preview Assets.xcassets in Resources */ = {isa = PBXBuildFile; fileRef = 41E133382991F66E00E30B6E /* Preview Assets.xcassets */; };
		41E133432991F7AB00E30B6E /* DiscoverView.swift in Sources */ = {isa = PBXBuildFile; fileRef = 41E133422991F7AB00E30B6E /* DiscoverView.swift */; };
		41EFF4FD29957FAC008BAC01 /* Video.swift in Sources */ = {isa = PBXBuildFile; fileRef = 41EFF4FC29957FAC008BAC01 /* Video.swift */; };
		41EFF4FF2995827E008BAC01 /* ReleaseSchedule.swift in Sources */ = {isa = PBXBuildFile; fileRef = 41EFF4FE2995827E008BAC01 /* ReleaseSchedule.swift */; };
		41EFF50129958704008BAC01 /* JSONDecoder+Extensions.swift in Sources */ = {isa = PBXBuildFile; fileRef = 41EFF50029958704008BAC01 /* JSONDecoder+Extensions.swift */; };
		41EFF50329959187008BAC01 /* ISO8601DateFormatter+Extensions.swift in Sources */ = {isa = PBXBuildFile; fileRef = 41EFF50229959187008BAC01 /* ISO8601DateFormatter+Extensions.swift */; };
		41F0A48D2992C0A60094D6EB /* Keys.swift in Sources */ = {isa = PBXBuildFile; fileRef = 41F0A48C2992C0A60094D6EB /* Keys.swift */; };
		41F0A4902992C26E0094D6EB /* NetworkingManager.swift in Sources */ = {isa = PBXBuildFile; fileRef = 41F0A48F2992C26E0094D6EB /* NetworkingManager.swift */; };
		41F0A4932992D0F20094D6EB /* TrendingMovies.json in Resources */ = {isa = PBXBuildFile; fileRef = 41F0A4922992D0F20094D6EB /* TrendingMovies.json */; };
		41F0A4952992D17D0094D6EB /* DetailedMovie.swift in Sources */ = {isa = PBXBuildFile; fileRef = 41F0A4942992D17D0094D6EB /* DetailedMovie.swift */; };
		41F0A4972992D38A0094D6EB /* NetworkingManagerMock.swift in Sources */ = {isa = PBXBuildFile; fileRef = 41F0A4962992D38A0094D6EB /* NetworkingManagerMock.swift */; };
		41F0A4992992D5730094D6EB /* PartialMoviesResponse.swift in Sources */ = {isa = PBXBuildFile; fileRef = 41F0A4982992D5730094D6EB /* PartialMoviesResponse.swift */; };
		41F0A49B2992DC030094D6EB /* MovieListRow.swift in Sources */ = {isa = PBXBuildFile; fileRef = 41F0A49A2992DC030094D6EB /* MovieListRow.swift */; };
		41F0A4A029931DF10094D6EB /* DateFormatter+Extensions.swift in Sources */ = {isa = PBXBuildFile; fileRef = 41F0A49F29931DF10094D6EB /* DateFormatter+Extensions.swift */; };
		41FCF4FE299F2C920083B17C /* HomeViewModel.swift in Sources */ = {isa = PBXBuildFile; fileRef = 41FCF4FD299F2C920083B17C /* HomeViewModel.swift */; };
		41FCF500299F324B0083B17C /* HomeView.swift in Sources */ = {isa = PBXBuildFile; fileRef = 41FCF4FF299F324B0083B17C /* HomeView.swift */; };
		41FCF502299F355A0083B17C /* SearchMovies.json in Resources */ = {isa = PBXBuildFile; fileRef = 41FCF501299F355A0083B17C /* SearchMovies.json */; };
		41FCF504299F3B830083B17C /* MovieSearchResultView.swift in Sources */ = {isa = PBXBuildFile; fileRef = 41FCF503299F3B830083B17C /* MovieSearchResultView.swift */; };
		41FCF506299F3CA00083B17C /* PlaceholderImageView.swift in Sources */ = {isa = PBXBuildFile; fileRef = 41FCF505299F3CA00083B17C /* PlaceholderImageView.swift */; };
/* End PBXBuildFile section */

/* Begin PBXFileReference section */
		4136D9BF299FD454007C2926 /* RatingsView.swift */ = {isa = PBXFileReference; lastKnownFileType = sourcecode.swift; path = RatingsView.swift; sourceTree = "<group>"; };
		4141AAE7299BFEE9000F0B44 /* TMDBEndpoint.swift */ = {isa = PBXFileReference; lastKnownFileType = sourcecode.swift; path = TMDBEndpoint.swift; sourceTree = "<group>"; };
		4141AAE9299C1AAB000F0B44 /* PartialMovie.swift */ = {isa = PBXFileReference; lastKnownFileType = sourcecode.swift; path = PartialMovie.swift; sourceTree = "<group>"; };
		4141AAEE299C1E91000F0B44 /* TMDBImageTypes.swift */ = {isa = PBXFileReference; lastKnownFileType = sourcecode.swift; path = TMDBImageTypes.swift; sourceTree = "<group>"; };
		4141AAF0299C21CD000F0B44 /* Movie.swift */ = {isa = PBXFileReference; lastKnownFileType = sourcecode.swift; path = Movie.swift; sourceTree = "<group>"; };
		4141AAF3299C23D8000F0B44 /* DiscoverViewModel.swift */ = {isa = PBXFileReference; lastKnownFileType = sourcecode.swift; path = DiscoverViewModel.swift; sourceTree = "<group>"; };
		4141AAF6299C25A5000F0B44 /* MovieDetailsViewModel.swift */ = {isa = PBXFileReference; lastKnownFileType = sourcecode.swift; path = MovieDetailsViewModel.swift; sourceTree = "<group>"; };
		4142BA852993FD7F00882C8A /* Movie.json */ = {isa = PBXFileReference; lastKnownFileType = text.json; path = Movie.json; sourceTree = "<group>"; };
		4142BA8A2994065A00882C8A /* MovieWithAppendedResponse.json */ = {isa = PBXFileReference; lastKnownFileType = text.json; path = MovieWithAppendedResponse.json; sourceTree = "<group>"; };
		4143209F2998494000352968 /* CountryWatchOptions.swift */ = {isa = PBXFileReference; lastKnownFileType = sourcecode.swift; path = CountryWatchOptions.swift; sourceTree = "<group>"; };
		414320A1299873F400352968 /* WatchProvidersView.swift */ = {isa = PBXFileReference; lastKnownFileType = sourcecode.swift; path = WatchProvidersView.swift; sourceTree = "<group>"; };
		414320A329988A9000352968 /* CollapsibleSection.swift */ = {isa = PBXFileReference; lastKnownFileType = sourcecode.swift; path = CollapsibleSection.swift; sourceTree = "<group>"; };
		419DEEAE2995BAD50008457C /* VideoTypes.swift */ = {isa = PBXFileReference; lastKnownFileType = sourcecode.swift; path = VideoTypes.swift; sourceTree = "<group>"; };
		41A023E329953BBB005617DE /* MovieDetailsView.swift */ = {isa = PBXFileReference; lastKnownFileType = sourcecode.swift; path = MovieDetailsView.swift; sourceTree = "<group>"; };
		41A023E5299546DB005617DE /* Date+Extensions.swift */ = {isa = PBXFileReference; lastKnownFileType = sourcecode.swift; path = "Date+Extensions.swift"; sourceTree = "<group>"; };
		41A023E729955223005617DE /* ReleaseDateTypes.swift */ = {isa = PBXFileReference; lastKnownFileType = sourcecode.swift; path = ReleaseDateTypes.swift; sourceTree = "<group>"; };
		41A023E92995591E005617DE /* AppendedResults.swift */ = {isa = PBXFileReference; lastKnownFileType = sourcecode.swift; path = AppendedResults.swift; sourceTree = "<group>"; };
		41AAC651299686F500912B2C /* WebView.swift */ = {isa = PBXFileReference; lastKnownFileType = sourcecode.swift; path = WebView.swift; sourceTree = "<group>"; };
		41AAC6532996882B00912B2C /* SafariBrowserView.swift */ = {isa = PBXFileReference; lastKnownFileType = sourcecode.swift; path = SafariBrowserView.swift; sourceTree = "<group>"; };
		41AAC6552996896000912B2C /* VideoSitesURL.swift */ = {isa = PBXFileReference; lastKnownFileType = sourcecode.swift; path = VideoSitesURL.swift; sourceTree = "<group>"; };
		41AAC6572996B33700912B2C /* VideoView.swift */ = {isa = PBXFileReference; lastKnownFileType = sourcecode.swift; path = VideoView.swift; sourceTree = "<group>"; };
		41AAC65B2996D9C500912B2C /* WatchOptions.swift */ = {isa = PBXFileReference; lastKnownFileType = sourcecode.swift; path = WatchOptions.swift; sourceTree = "<group>"; };
		41AAC65D2996D9F600912B2C /* StreamingProvider.swift */ = {isa = PBXFileReference; lastKnownFileType = sourcecode.swift; path = StreamingProvider.swift; sourceTree = "<group>"; };
		41AAC65F2996F63800912B2C /* WatchOptionTypes.swift */ = {isa = PBXFileReference; lastKnownFileType = sourcecode.swift; path = WatchOptionTypes.swift; sourceTree = "<group>"; };
		41AAC6612996F94000912B2C /* Configuration.json */ = {isa = PBXFileReference; lastKnownFileType = text.json; path = Configuration.json; sourceTree = "<group>"; };
		41E1332D2991F66A00E30B6E /* MovieTime.app */ = {isa = PBXFileReference; explicitFileType = wrapper.application; includeInIndex = 0; path = MovieTime.app; sourceTree = BUILT_PRODUCTS_DIR; };
		41E133302991F66A00E30B6E /* MovieTimeApp.swift */ = {isa = PBXFileReference; lastKnownFileType = sourcecode.swift; path = MovieTimeApp.swift; sourceTree = "<group>"; };
		41E133342991F66E00E30B6E /* Assets.xcassets */ = {isa = PBXFileReference; lastKnownFileType = folder.assetcatalog; path = Assets.xcassets; sourceTree = "<group>"; };
		41E133362991F66E00E30B6E /* MovieTime.entitlements */ = {isa = PBXFileReference; lastKnownFileType = text.plist.entitlements; path = MovieTime.entitlements; sourceTree = "<group>"; };
		41E133382991F66E00E30B6E /* Preview Assets.xcassets */ = {isa = PBXFileReference; lastKnownFileType = folder.assetcatalog; path = "Preview Assets.xcassets"; sourceTree = "<group>"; };
		41E133422991F7AB00E30B6E /* DiscoverView.swift */ = {isa = PBXFileReference; lastKnownFileType = sourcecode.swift; path = DiscoverView.swift; sourceTree = "<group>"; };
		41EFF4FC29957FAC008BAC01 /* Video.swift */ = {isa = PBXFileReference; lastKnownFileType = sourcecode.swift; path = Video.swift; sourceTree = "<group>"; };
		41EFF4FE2995827E008BAC01 /* ReleaseSchedule.swift */ = {isa = PBXFileReference; lastKnownFileType = sourcecode.swift; path = ReleaseSchedule.swift; sourceTree = "<group>"; };
		41EFF50029958704008BAC01 /* JSONDecoder+Extensions.swift */ = {isa = PBXFileReference; lastKnownFileType = sourcecode.swift; path = "JSONDecoder+Extensions.swift"; sourceTree = "<group>"; };
		41EFF50229959187008BAC01 /* ISO8601DateFormatter+Extensions.swift */ = {isa = PBXFileReference; lastKnownFileType = sourcecode.swift; path = "ISO8601DateFormatter+Extensions.swift"; sourceTree = "<group>"; };
		41F0A48C2992C0A60094D6EB /* Keys.swift */ = {isa = PBXFileReference; lastKnownFileType = sourcecode.swift; path = Keys.swift; sourceTree = "<group>"; };
		41F0A48F2992C26E0094D6EB /* NetworkingManager.swift */ = {isa = PBXFileReference; lastKnownFileType = sourcecode.swift; path = NetworkingManager.swift; sourceTree = "<group>"; };
		41F0A4922992D0F20094D6EB /* TrendingMovies.json */ = {isa = PBXFileReference; lastKnownFileType = text.json; path = TrendingMovies.json; sourceTree = "<group>"; };
		41F0A4942992D17D0094D6EB /* DetailedMovie.swift */ = {isa = PBXFileReference; lastKnownFileType = sourcecode.swift; path = DetailedMovie.swift; sourceTree = "<group>"; };
		41F0A4962992D38A0094D6EB /* NetworkingManagerMock.swift */ = {isa = PBXFileReference; lastKnownFileType = sourcecode.swift; path = NetworkingManagerMock.swift; sourceTree = "<group>"; };
		41F0A4982992D5730094D6EB /* PartialMoviesResponse.swift */ = {isa = PBXFileReference; lastKnownFileType = sourcecode.swift; path = PartialMoviesResponse.swift; sourceTree = "<group>"; };
		41F0A49A2992DC030094D6EB /* MovieListRow.swift */ = {isa = PBXFileReference; lastKnownFileType = sourcecode.swift; path = MovieListRow.swift; sourceTree = "<group>"; };
		41F0A49F29931DF10094D6EB /* DateFormatter+Extensions.swift */ = {isa = PBXFileReference; lastKnownFileType = sourcecode.swift; path = "DateFormatter+Extensions.swift"; sourceTree = "<group>"; };
		41FCF4FD299F2C920083B17C /* HomeViewModel.swift */ = {isa = PBXFileReference; lastKnownFileType = sourcecode.swift; path = HomeViewModel.swift; sourceTree = "<group>"; };
		41FCF4FF299F324B0083B17C /* HomeView.swift */ = {isa = PBXFileReference; lastKnownFileType = sourcecode.swift; path = HomeView.swift; sourceTree = "<group>"; };
		41FCF501299F355A0083B17C /* SearchMovies.json */ = {isa = PBXFileReference; lastKnownFileType = text.json; path = SearchMovies.json; sourceTree = "<group>"; };
		41FCF503299F3B830083B17C /* MovieSearchResultView.swift */ = {isa = PBXFileReference; lastKnownFileType = sourcecode.swift; path = MovieSearchResultView.swift; sourceTree = "<group>"; };
		41FCF505299F3CA00083B17C /* PlaceholderImageView.swift */ = {isa = PBXFileReference; lastKnownFileType = sourcecode.swift; path = PlaceholderImageView.swift; sourceTree = "<group>"; };
/* End PBXFileReference section */

/* Begin PBXFrameworksBuildPhase section */
		41E1332A2991F66A00E30B6E /* Frameworks */ = {
			isa = PBXFrameworksBuildPhase;
			buildActionMask = 2147483647;
			files = (
			);
			runOnlyForDeploymentPostprocessing = 0;
		};
/* End PBXFrameworksBuildPhase section */

/* Begin PBXGroup section */
		4141AAEB299C1ACB000F0B44 /* Protocols */ = {
			isa = PBXGroup;
			children = (
				4141AAF0299C21CD000F0B44 /* Movie.swift */,
			);
			path = Protocols;
			sourceTree = "<group>";
		};
		4141AAF2299C23B5000F0B44 /* DiscoverView */ = {
			isa = PBXGroup;
			children = (
				41E133422991F7AB00E30B6E /* DiscoverView.swift */,
				4141AAF3299C23D8000F0B44 /* DiscoverViewModel.swift */,
				41F0A49A2992DC030094D6EB /* MovieListRow.swift */,
			);
			path = DiscoverView;
			sourceTree = "<group>";
		};
		4141AAF5299C253E000F0B44 /* MovieDetailsView */ = {
			isa = PBXGroup;
			children = (
				41A023E329953BBB005617DE /* MovieDetailsView.swift */,
				4141AAF6299C25A5000F0B44 /* MovieDetailsViewModel.swift */,
				414320A329988A9000352968 /* CollapsibleSection.swift */,
				414320A1299873F400352968 /* WatchProvidersView.swift */,
				41AAC6572996B33700912B2C /* VideoView.swift */,
			);
			path = MovieDetailsView;
			sourceTree = "<group>";
		};
		4142BA872994051400882C8A /* Enums */ = {
			isa = PBXGroup;
			children = (
				41A023E729955223005617DE /* ReleaseDateTypes.swift */,
				4141AAEE299C1E91000F0B44 /* TMDBImageTypes.swift */,
				41AAC6552996896000912B2C /* VideoSitesURL.swift */,
				419DEEAE2995BAD50008457C /* VideoTypes.swift */,
				41AAC65F2996F63800912B2C /* WatchOptionTypes.swift */,
			);
			path = Enums;
			sourceTree = "<group>";
		};
		41AAC650299686D300912B2C /* Components */ = {
			isa = PBXGroup;
			children = (
				41FCF505299F3CA00083B17C /* PlaceholderImageView.swift */,
				4136D9BF299FD454007C2926 /* RatingsView.swift */,
				41AAC6532996882B00912B2C /* SafariBrowserView.swift */,
				41AAC651299686F500912B2C /* WebView.swift */,
			);
			path = Components;
			sourceTree = "<group>";
		};
		41E133242991F66A00E30B6E = {
			isa = PBXGroup;
			children = (
				41E1332F2991F66A00E30B6E /* MovieTime */,
				41E1332E2991F66A00E30B6E /* Products */,
			);
			sourceTree = "<group>";
		};
		41E1332E2991F66A00E30B6E /* Products */ = {
			isa = PBXGroup;
			children = (
				41E1332D2991F66A00E30B6E /* MovieTime.app */,
			);
			name = Products;
			sourceTree = "<group>";
		};
		41E1332F2991F66A00E30B6E /* MovieTime */ = {
			isa = PBXGroup;
			children = (
				41E133302991F66A00E30B6E /* MovieTimeApp.swift */,
				4141AAEB299C1ACB000F0B44 /* Protocols */,
				41F0A49C29931D6C0094D6EB /* Extensions */,
				41F0A48E2992C24D0094D6EB /* Networking */,
				41E1333F2991F75300E30B6E /* Models */,
				41E133412991F76500E30B6E /* Views */,
				41E133342991F66E00E30B6E /* Assets.xcassets */,
				41E133362991F66E00E30B6E /* MovieTime.entitlements */,
				41F0A48C2992C0A60094D6EB /* Keys.swift */,
				41E133372991F66E00E30B6E /* Preview Content */,
			);
			path = MovieTime;
			sourceTree = "<group>";
		};
		41E133372991F66E00E30B6E /* Preview Content */ = {
			isa = PBXGroup;
			children = (
				41E133382991F66E00E30B6E /* Preview Assets.xcassets */,
			);
			path = "Preview Content";
			sourceTree = "<group>";
		};
		41E1333F2991F75300E30B6E /* Models */ = {
			isa = PBXGroup;
			children = (
				4142BA872994051400882C8A /* Enums */,
				41A023E92995591E005617DE /* AppendedResults.swift */,
				4143209F2998494000352968 /* CountryWatchOptions.swift */,
				41F0A4942992D17D0094D6EB /* DetailedMovie.swift */,
				4141AAE9299C1AAB000F0B44 /* PartialMovie.swift */,
				41F0A4982992D5730094D6EB /* PartialMoviesResponse.swift */,
				41EFF4FE2995827E008BAC01 /* ReleaseSchedule.swift */,
				41AAC65D2996D9F600912B2C /* StreamingProvider.swift */,
				41EFF4FC29957FAC008BAC01 /* Video.swift */,
				41AAC65B2996D9C500912B2C /* WatchOptions.swift */,
			);
			path = Models;
			sourceTree = "<group>";
		};
		41E133412991F76500E30B6E /* Views */ = {
			isa = PBXGroup;
			children = (
				41AAC650299686D300912B2C /* Components */,
				41FCF4FC299F2C6C0083B17C /* HomeView */,
				4141AAF5299C253E000F0B44 /* MovieDetailsView */,
			);
			path = Views;
			sourceTree = "<group>";
		};
		41F0A48E2992C24D0094D6EB /* Networking */ = {
			isa = PBXGroup;
			children = (
				41F0A4912992D0B50094D6EB /* JSON Data */,
				41F0A48F2992C26E0094D6EB /* NetworkingManager.swift */,
				41F0A4962992D38A0094D6EB /* NetworkingManagerMock.swift */,
				4141AAE7299BFEE9000F0B44 /* TMDBEndpoint.swift */,
			);
			path = Networking;
			sourceTree = "<group>";
		};
		41F0A4912992D0B50094D6EB /* JSON Data */ = {
			isa = PBXGroup;
			children = (
				41F0A4922992D0F20094D6EB /* TrendingMovies.json */,
				4142BA852993FD7F00882C8A /* Movie.json */,
				4142BA8A2994065A00882C8A /* MovieWithAppendedResponse.json */,
				41AAC6612996F94000912B2C /* Configuration.json */,
				41FCF501299F355A0083B17C /* SearchMovies.json */,
			);
			path = "JSON Data";
			sourceTree = "<group>";
		};
		41F0A49C29931D6C0094D6EB /* Extensions */ = {
			isa = PBXGroup;
			children = (
				41F0A49F29931DF10094D6EB /* DateFormatter+Extensions.swift */,
				41A023E5299546DB005617DE /* Date+Extensions.swift */,
				41EFF50029958704008BAC01 /* JSONDecoder+Extensions.swift */,
				41EFF50229959187008BAC01 /* ISO8601DateFormatter+Extensions.swift */,
			);
			path = Extensions;
			sourceTree = "<group>";
		};
		41FCF4FC299F2C6C0083B17C /* HomeView */ = {
			isa = PBXGroup;
			children = (
				4141AAF2299C23B5000F0B44 /* DiscoverView */,
				41FCF4FF299F324B0083B17C /* HomeView.swift */,
				41FCF4FD299F2C920083B17C /* HomeViewModel.swift */,
				41FCF503299F3B830083B17C /* MovieSearchResultView.swift */,
			);
			path = HomeView;
			sourceTree = "<group>";
		};
/* End PBXGroup section */

/* Begin PBXNativeTarget section */
		41E1332C2991F66A00E30B6E /* MovieTime */ = {
			isa = PBXNativeTarget;
			buildConfigurationList = 41E1333C2991F66E00E30B6E /* Build configuration list for PBXNativeTarget "MovieTime" */;
			buildPhases = (
				41E133292991F66A00E30B6E /* Sources */,
				41E1332A2991F66A00E30B6E /* Frameworks */,
				41E1332B2991F66A00E30B6E /* Resources */,
			);
			buildRules = (
			);
			dependencies = (
			);
			name = MovieTime;
			productName = MovieTime;
			productReference = 41E1332D2991F66A00E30B6E /* MovieTime.app */;
			productType = "com.apple.product-type.application";
		};
/* End PBXNativeTarget section */

/* Begin PBXProject section */
		41E133252991F66A00E30B6E /* Project object */ = {
			isa = PBXProject;
			attributes = {
				BuildIndependentTargetsInParallel = 1;
				LastSwiftUpdateCheck = 1420;
				LastUpgradeCheck = 1420;
				TargetAttributes = {
					41E1332C2991F66A00E30B6E = {
						CreatedOnToolsVersion = 14.2;
					};
				};
			};
			buildConfigurationList = 41E133282991F66A00E30B6E /* Build configuration list for PBXProject "MovieTime" */;
			compatibilityVersion = "Xcode 14.0";
			developmentRegion = en;
			hasScannedForEncodings = 0;
			knownRegions = (
				en,
				Base,
			);
			mainGroup = 41E133242991F66A00E30B6E;
			productRefGroup = 41E1332E2991F66A00E30B6E /* Products */;
			projectDirPath = "";
			projectRoot = "";
			targets = (
				41E1332C2991F66A00E30B6E /* MovieTime */,
			);
		};
/* End PBXProject section */

/* Begin PBXResourcesBuildPhase section */
		41E1332B2991F66A00E30B6E /* Resources */ = {
			isa = PBXResourcesBuildPhase;
			buildActionMask = 2147483647;
			files = (
				41F0A4932992D0F20094D6EB /* TrendingMovies.json in Resources */,
				41E133392991F66E00E30B6E /* Preview Assets.xcassets in Resources */,
				4142BA862993FD7F00882C8A /* Movie.json in Resources */,
				41E133352991F66E00E30B6E /* Assets.xcassets in Resources */,
				41AAC6622996F94000912B2C /* Configuration.json in Resources */,
				4142BA8B2994065A00882C8A /* MovieWithAppendedResponse.json in Resources */,
				41FCF502299F355A0083B17C /* SearchMovies.json in Resources */,
			);
			runOnlyForDeploymentPostprocessing = 0;
		};
/* End PBXResourcesBuildPhase section */

/* Begin PBXSourcesBuildPhase section */
		41E133292991F66A00E30B6E /* Sources */ = {
			isa = PBXSourcesBuildPhase;
			buildActionMask = 2147483647;
			files = (
				41F0A4972992D38A0094D6EB /* NetworkingManagerMock.swift in Sources */,
				41FCF4FE299F2C920083B17C /* HomeViewModel.swift in Sources */,
				41AAC652299686F500912B2C /* WebView.swift in Sources */,
				414320A2299873F400352968 /* WatchProvidersView.swift in Sources */,
				41F0A49B2992DC030094D6EB /* MovieListRow.swift in Sources */,
				41A023EA2995591E005617DE /* AppendedResults.swift in Sources */,
				4141AAE8299BFEE9000F0B44 /* TMDBEndpoint.swift in Sources */,
				4141AAF1299C21CD000F0B44 /* Movie.swift in Sources */,
				4141AAEF299C1E91000F0B44 /* TMDBImageTypes.swift in Sources */,
				41EFF4FD29957FAC008BAC01 /* Video.swift in Sources */,
				41FCF506299F3CA00083B17C /* PlaceholderImageView.swift in Sources */,
				41AAC6582996B33700912B2C /* VideoView.swift in Sources */,
				414320A429988A9000352968 /* CollapsibleSection.swift in Sources */,
				41AAC65C2996D9C500912B2C /* WatchOptions.swift in Sources */,
				41EFF50329959187008BAC01 /* ISO8601DateFormatter+Extensions.swift in Sources */,
				41F0A4992992D5730094D6EB /* PartialMoviesResponse.swift in Sources */,
				41F0A48D2992C0A60094D6EB /* Keys.swift in Sources */,
				419DEEAF2995BAD50008457C /* VideoTypes.swift in Sources */,
				41FCF504299F3B830083B17C /* MovieSearchResultView.swift in Sources */,
				4141AAEA299C1AAB000F0B44 /* PartialMovie.swift in Sources */,
				41A023E6299546DB005617DE /* Date+Extensions.swift in Sources */,
				41A023E429953BBB005617DE /* MovieDetailsView.swift in Sources */,
				41AAC6602996F63800912B2C /* WatchOptionTypes.swift in Sources */,
				41AAC6542996882B00912B2C /* SafariBrowserView.swift in Sources */,
				41AAC6562996896000912B2C /* VideoSitesURL.swift in Sources */,
				41F0A4952992D17D0094D6EB /* DetailedMovie.swift in Sources */,
				41AAC65E2996D9F600912B2C /* StreamingProvider.swift in Sources */,
				41E133312991F66A00E30B6E /* MovieTimeApp.swift in Sources */,
				41A023E829955223005617DE /* ReleaseDateTypes.swift in Sources */,
				4141AAF7299C25A5000F0B44 /* MovieDetailsViewModel.swift in Sources */,
				41FCF500299F324B0083B17C /* HomeView.swift in Sources */,
				4136D9C0299FD454007C2926 /* RatingsView.swift in Sources */,
				41F0A4902992C26E0094D6EB /* NetworkingManager.swift in Sources */,
				414320A02998494000352968 /* CountryWatchOptions.swift in Sources */,
				41E133432991F7AB00E30B6E /* DiscoverView.swift in Sources */,
				4141AAF4299C23D8000F0B44 /* DiscoverViewModel.swift in Sources */,
				41EFF4FF2995827E008BAC01 /* ReleaseSchedule.swift in Sources */,
				41EFF50129958704008BAC01 /* JSONDecoder+Extensions.swift in Sources */,
				41F0A4A029931DF10094D6EB /* DateFormatter+Extensions.swift in Sources */,
			);
			runOnlyForDeploymentPostprocessing = 0;
		};
/* End PBXSourcesBuildPhase section */

/* Begin XCBuildConfiguration section */
		41E1333A2991F66E00E30B6E /* Debug */ = {
			isa = XCBuildConfiguration;
			buildSettings = {
				ALWAYS_SEARCH_USER_PATHS = NO;
				CLANG_ANALYZER_NONNULL = YES;
				CLANG_ANALYZER_NUMBER_OBJECT_CONVERSION = YES_AGGRESSIVE;
				CLANG_CXX_LANGUAGE_STANDARD = "gnu++20";
				CLANG_ENABLE_MODULES = YES;
				CLANG_ENABLE_OBJC_ARC = YES;
				CLANG_ENABLE_OBJC_WEAK = YES;
				CLANG_WARN_BLOCK_CAPTURE_AUTORELEASING = YES;
				CLANG_WARN_BOOL_CONVERSION = YES;
				CLANG_WARN_COMMA = YES;
				CLANG_WARN_CONSTANT_CONVERSION = YES;
				CLANG_WARN_DEPRECATED_OBJC_IMPLEMENTATIONS = YES;
				CLANG_WARN_DIRECT_OBJC_ISA_USAGE = YES_ERROR;
				CLANG_WARN_DOCUMENTATION_COMMENTS = YES;
				CLANG_WARN_EMPTY_BODY = YES;
				CLANG_WARN_ENUM_CONVERSION = YES;
				CLANG_WARN_INFINITE_RECURSION = YES;
				CLANG_WARN_INT_CONVERSION = YES;
				CLANG_WARN_NON_LITERAL_NULL_CONVERSION = YES;
				CLANG_WARN_OBJC_IMPLICIT_RETAIN_SELF = YES;
				CLANG_WARN_OBJC_LITERAL_CONVERSION = YES;
				CLANG_WARN_OBJC_ROOT_CLASS = YES_ERROR;
				CLANG_WARN_QUOTED_INCLUDE_IN_FRAMEWORK_HEADER = YES;
				CLANG_WARN_RANGE_LOOP_ANALYSIS = YES;
				CLANG_WARN_STRICT_PROTOTYPES = YES;
				CLANG_WARN_SUSPICIOUS_MOVE = YES;
				CLANG_WARN_UNGUARDED_AVAILABILITY = YES_AGGRESSIVE;
				CLANG_WARN_UNREACHABLE_CODE = YES;
				CLANG_WARN__DUPLICATE_METHOD_MATCH = YES;
				COPY_PHASE_STRIP = NO;
				DEBUG_INFORMATION_FORMAT = dwarf;
				ENABLE_STRICT_OBJC_MSGSEND = YES;
				ENABLE_TESTABILITY = YES;
				GCC_C_LANGUAGE_STANDARD = gnu11;
				GCC_DYNAMIC_NO_PIC = NO;
				GCC_NO_COMMON_BLOCKS = YES;
				GCC_OPTIMIZATION_LEVEL = 0;
				GCC_PREPROCESSOR_DEFINITIONS = (
					"DEBUG=1",
					"$(inherited)",
				);
				GCC_WARN_64_TO_32_BIT_CONVERSION = YES;
				GCC_WARN_ABOUT_RETURN_TYPE = YES_ERROR;
				GCC_WARN_UNDECLARED_SELECTOR = YES;
				GCC_WARN_UNINITIALIZED_AUTOS = YES_AGGRESSIVE;
				GCC_WARN_UNUSED_FUNCTION = YES;
				GCC_WARN_UNUSED_VARIABLE = YES;
				MTL_ENABLE_DEBUG_INFO = INCLUDE_SOURCE;
				MTL_FAST_MATH = YES;
				ONLY_ACTIVE_ARCH = YES;
				SWIFT_ACTIVE_COMPILATION_CONDITIONS = DEBUG;
				SWIFT_OPTIMIZATION_LEVEL = "-Onone";
			};
			name = Debug;
		};
		41E1333B2991F66E00E30B6E /* Release */ = {
			isa = XCBuildConfiguration;
			buildSettings = {
				ALWAYS_SEARCH_USER_PATHS = NO;
				CLANG_ANALYZER_NONNULL = YES;
				CLANG_ANALYZER_NUMBER_OBJECT_CONVERSION = YES_AGGRESSIVE;
				CLANG_CXX_LANGUAGE_STANDARD = "gnu++20";
				CLANG_ENABLE_MODULES = YES;
				CLANG_ENABLE_OBJC_ARC = YES;
				CLANG_ENABLE_OBJC_WEAK = YES;
				CLANG_WARN_BLOCK_CAPTURE_AUTORELEASING = YES;
				CLANG_WARN_BOOL_CONVERSION = YES;
				CLANG_WARN_COMMA = YES;
				CLANG_WARN_CONSTANT_CONVERSION = YES;
				CLANG_WARN_DEPRECATED_OBJC_IMPLEMENTATIONS = YES;
				CLANG_WARN_DIRECT_OBJC_ISA_USAGE = YES_ERROR;
				CLANG_WARN_DOCUMENTATION_COMMENTS = YES;
				CLANG_WARN_EMPTY_BODY = YES;
				CLANG_WARN_ENUM_CONVERSION = YES;
				CLANG_WARN_INFINITE_RECURSION = YES;
				CLANG_WARN_INT_CONVERSION = YES;
				CLANG_WARN_NON_LITERAL_NULL_CONVERSION = YES;
				CLANG_WARN_OBJC_IMPLICIT_RETAIN_SELF = YES;
				CLANG_WARN_OBJC_LITERAL_CONVERSION = YES;
				CLANG_WARN_OBJC_ROOT_CLASS = YES_ERROR;
				CLANG_WARN_QUOTED_INCLUDE_IN_FRAMEWORK_HEADER = YES;
				CLANG_WARN_RANGE_LOOP_ANALYSIS = YES;
				CLANG_WARN_STRICT_PROTOTYPES = YES;
				CLANG_WARN_SUSPICIOUS_MOVE = YES;
				CLANG_WARN_UNGUARDED_AVAILABILITY = YES_AGGRESSIVE;
				CLANG_WARN_UNREACHABLE_CODE = YES;
				CLANG_WARN__DUPLICATE_METHOD_MATCH = YES;
				COPY_PHASE_STRIP = NO;
				DEBUG_INFORMATION_FORMAT = "dwarf-with-dsym";
				ENABLE_NS_ASSERTIONS = NO;
				ENABLE_STRICT_OBJC_MSGSEND = YES;
				GCC_C_LANGUAGE_STANDARD = gnu11;
				GCC_NO_COMMON_BLOCKS = YES;
				GCC_WARN_64_TO_32_BIT_CONVERSION = YES;
				GCC_WARN_ABOUT_RETURN_TYPE = YES_ERROR;
				GCC_WARN_UNDECLARED_SELECTOR = YES;
				GCC_WARN_UNINITIALIZED_AUTOS = YES_AGGRESSIVE;
				GCC_WARN_UNUSED_FUNCTION = YES;
				GCC_WARN_UNUSED_VARIABLE = YES;
				MTL_ENABLE_DEBUG_INFO = NO;
				MTL_FAST_MATH = YES;
				SWIFT_COMPILATION_MODE = wholemodule;
				SWIFT_OPTIMIZATION_LEVEL = "-O";
			};
			name = Release;
		};
		41E1333D2991F66E00E30B6E /* Debug */ = {
			isa = XCBuildConfiguration;
			buildSettings = {
				ASSETCATALOG_COMPILER_APPICON_NAME = AppIcon;
				ASSETCATALOG_COMPILER_GLOBAL_ACCENT_COLOR_NAME = AccentColor;
				CODE_SIGN_ENTITLEMENTS = MovieTime/MovieTime.entitlements;
				CODE_SIGN_STYLE = Automatic;
				CURRENT_PROJECT_VERSION = 1;
				DEVELOPMENT_ASSET_PATHS = "\"MovieTime/Preview Content\"";
				DEVELOPMENT_TEAM = WSR8557KHP;
				ENABLE_HARDENED_RUNTIME = YES;
				ENABLE_PREVIEWS = YES;
				GENERATE_INFOPLIST_FILE = YES;
				"INFOPLIST_KEY_UIApplicationSceneManifest_Generation[sdk=iphoneos*]" = YES;
				"INFOPLIST_KEY_UIApplicationSceneManifest_Generation[sdk=iphonesimulator*]" = YES;
				"INFOPLIST_KEY_UIApplicationSupportsIndirectInputEvents[sdk=iphoneos*]" = YES;
				"INFOPLIST_KEY_UIApplicationSupportsIndirectInputEvents[sdk=iphonesimulator*]" = YES;
				"INFOPLIST_KEY_UILaunchScreen_Generation[sdk=iphoneos*]" = YES;
				"INFOPLIST_KEY_UILaunchScreen_Generation[sdk=iphonesimulator*]" = YES;
				"INFOPLIST_KEY_UIStatusBarStyle[sdk=iphoneos*]" = UIStatusBarStyleDefault;
				"INFOPLIST_KEY_UIStatusBarStyle[sdk=iphonesimulator*]" = UIStatusBarStyleDefault;
				INFOPLIST_KEY_UISupportedInterfaceOrientations_iPad = "UIInterfaceOrientationPortrait UIInterfaceOrientationPortraitUpsideDown UIInterfaceOrientationLandscapeLeft UIInterfaceOrientationLandscapeRight";
				INFOPLIST_KEY_UISupportedInterfaceOrientations_iPhone = "UIInterfaceOrientationPortrait UIInterfaceOrientationLandscapeLeft UIInterfaceOrientationLandscapeRight";
				IPHONEOS_DEPLOYMENT_TARGET = 16.2;
				LD_RUNPATH_SEARCH_PATHS = "@executable_path/Frameworks";
				"LD_RUNPATH_SEARCH_PATHS[sdk=macosx*]" = "@executable_path/../Frameworks";
				MACOSX_DEPLOYMENT_TARGET = 12.6;
				MARKETING_VERSION = 1.0;
				PRODUCT_BUNDLE_IDENTIFIER = com.andavazgar.MovieTime;
				PRODUCT_NAME = "$(TARGET_NAME)";
				SDKROOT = auto;
				SUPPORTED_PLATFORMS = "iphoneos iphonesimulator macosx";
				SWIFT_EMIT_LOC_STRINGS = YES;
				SWIFT_VERSION = 5.0;
				TARGETED_DEVICE_FAMILY = "1,2";
			};
			name = Debug;
		};
		41E1333E2991F66E00E30B6E /* Release */ = {
			isa = XCBuildConfiguration;
			buildSettings = {
				ASSETCATALOG_COMPILER_APPICON_NAME = AppIcon;
				ASSETCATALOG_COMPILER_GLOBAL_ACCENT_COLOR_NAME = AccentColor;
				CODE_SIGN_ENTITLEMENTS = MovieTime/MovieTime.entitlements;
				CODE_SIGN_STYLE = Automatic;
				CURRENT_PROJECT_VERSION = 1;
				DEVELOPMENT_ASSET_PATHS = "\"MovieTime/Preview Content\"";
				DEVELOPMENT_TEAM = WSR8557KHP;
				ENABLE_HARDENED_RUNTIME = YES;
				ENABLE_PREVIEWS = YES;
				GENERATE_INFOPLIST_FILE = YES;
				"INFOPLIST_KEY_UIApplicationSceneManifest_Generation[sdk=iphoneos*]" = YES;
				"INFOPLIST_KEY_UIApplicationSceneManifest_Generation[sdk=iphonesimulator*]" = YES;
				"INFOPLIST_KEY_UIApplicationSupportsIndirectInputEvents[sdk=iphoneos*]" = YES;
				"INFOPLIST_KEY_UIApplicationSupportsIndirectInputEvents[sdk=iphonesimulator*]" = YES;
				"INFOPLIST_KEY_UILaunchScreen_Generation[sdk=iphoneos*]" = YES;
				"INFOPLIST_KEY_UILaunchScreen_Generation[sdk=iphonesimulator*]" = YES;
				"INFOPLIST_KEY_UIStatusBarStyle[sdk=iphoneos*]" = UIStatusBarStyleDefault;
				"INFOPLIST_KEY_UIStatusBarStyle[sdk=iphonesimulator*]" = UIStatusBarStyleDefault;
				INFOPLIST_KEY_UISupportedInterfaceOrientations_iPad = "UIInterfaceOrientationPortrait UIInterfaceOrientationPortraitUpsideDown UIInterfaceOrientationLandscapeLeft UIInterfaceOrientationLandscapeRight";
				INFOPLIST_KEY_UISupportedInterfaceOrientations_iPhone = "UIInterfaceOrientationPortrait UIInterfaceOrientationLandscapeLeft UIInterfaceOrientationLandscapeRight";
				IPHONEOS_DEPLOYMENT_TARGET = 16.2;
				LD_RUNPATH_SEARCH_PATHS = "@executable_path/Frameworks";
				"LD_RUNPATH_SEARCH_PATHS[sdk=macosx*]" = "@executable_path/../Frameworks";
				MACOSX_DEPLOYMENT_TARGET = 12.6;
				MARKETING_VERSION = 1.0;
				PRODUCT_BUNDLE_IDENTIFIER = com.andavazgar.MovieTime;
				PRODUCT_NAME = "$(TARGET_NAME)";
				SDKROOT = auto;
				SUPPORTED_PLATFORMS = "iphoneos iphonesimulator macosx";
				SWIFT_EMIT_LOC_STRINGS = YES;
				SWIFT_VERSION = 5.0;
				TARGETED_DEVICE_FAMILY = "1,2";
			};
			name = Release;
		};
/* End XCBuildConfiguration section */

/* Begin XCConfigurationList section */
		41E133282991F66A00E30B6E /* Build configuration list for PBXProject "MovieTime" */ = {
			isa = XCConfigurationList;
			buildConfigurations = (
				41E1333A2991F66E00E30B6E /* Debug */,
				41E1333B2991F66E00E30B6E /* Release */,
			);
			defaultConfigurationIsVisible = 0;
			defaultConfigurationName = Release;
		};
		41E1333C2991F66E00E30B6E /* Build configuration list for PBXNativeTarget "MovieTime" */ = {
			isa = XCConfigurationList;
			buildConfigurations = (
				41E1333D2991F66E00E30B6E /* Debug */,
				41E1333E2991F66E00E30B6E /* Release */,
			);
			defaultConfigurationIsVisible = 0;
			defaultConfigurationName = Release;
		};
/* End XCConfigurationList section */
	};
	rootObject = 41E133252991F66A00E30B6E /* Project object */;
}
